
Microsoft Visual Studio Solution File, Format Version 12.00
# Visual Studio Version 17
VisualStudioVersion = 17.12.35707.178
MinimumVisualStudioVersion = 10.0.40219.1
Project("{FAE04EC0-301F-11D3-BF4B-00C04F79EFBC}") = "Herencia", "ConsoleApp1\Herencia.csproj", "{C86A831E-E4AF-4EC4-B78E-7D7437FA7517}"
EndProject
Project("{FAE04EC0-301F-11D3-BF4B-00C04F79EFBC}") = "Herencia2", "Herencia2\Herencia2.csproj", "{69734102-51EF-4DF5-8E9B-AC1C3D796472}"
EndProject
Project("{FAE04EC0-301F-11D3-BF4B-00C04F79EFBC}") = "Herencia3", "Herencia3\Herencia3.csproj", "{419AF4BF-F576-469D-B76A-CBE1AB1D6F0D}"
EndProject
Global
	GlobalSection(SolutionConfigurationPlatforms) = preSolution
		Debug|Any CPU = Debug|Any CPU
		Release|Any CPU = Release|Any CPU
	EndGlobalSection
	GlobalSection(ProjectConfigurationPlatforms) = postSolution
		{C86A831E-E4AF-4EC4-B78E-7D7437FA7517}.Debug|Any CPU.ActiveCfg = Debug|Any CPU
		{C86A831E-E4AF-4EC4-B78E-7D7437FA7517}.Debug|Any CPU.Build.0 = Debug|Any CPU
		{C86A831E-E4AF-4EC4-B78E-7D7437FA7517}.Release|Any CPU.ActiveCfg = Release|Any CPU
		{C86A831E-E4AF-4EC4-B78E-7D7437FA7517}.Release|Any CPU.Build.0 = Release|Any CPU
		{69734102-51EF-4DF5-8E9B-AC1C3D796472}.Debug|Any CPU.ActiveCfg = Debug|Any CPU
		{69734102-51EF-4DF5-8E9B-AC1C3D796472}.Debug|Any CPU.Build.0 = Debug|Any CPU
		{69734102-51EF-4DF5-8E9B-AC1C3D796472}.Release|Any CPU.ActiveCfg = Release|Any CPU
		{69734102-51EF-4DF5-8E9B-AC1C3D796472}.Release|Any CPU.Build.0 = Release|Any CPU
		{419AF4BF-F576-469D-B76A-CBE1AB1D6F0D}.Debug|Any CPU.ActiveCfg = Debug|Any CPU
		{419AF4BF-F576-469D-B76A-CBE1AB1D6F0D}.Debug|Any CPU.Build.0 = Debug|Any CPU
		{419AF4BF-F576-469D-B76A-CBE1AB1D6F0D}.Release|Any CPU.ActiveCfg = Release|Any CPU
		{419AF4BF-F576-469D-B76A-CBE1AB1D6F0D}.Release|Any CPU.Build.0 = Release|Any CPU
	EndGlobalSection
	GlobalSection(SolutionProperties) = preSolution
		HideSolutionNode = FALSE
	EndGlobalSection
EndGlobal
